
Microsoft Visual Studio Solution File, Format Version 12.00
# Visual Studio Version 17
VisualStudioVersion = 17.12.35707.178 d17.12
MinimumVisualStudioVersion = 10.0.40219.1
Project("{FAE04EC0-301F-11D3-BF4B-00C04F79EFBC}") = "CheckoutCart", "CheckoutCart.csproj", "{9B977F8D-A031-440B-AD27-60EB19FD9E77}"
EndProject
Project("{FAE04EC0-301F-11D3-BF4B-00C04F79EFBC}") = "CheckoutCart.Tests", "..\CheckoutCart.Tests\CheckoutCart.Tests.csproj", "{77A5CF4E-22BC-4674-A870-0812AAF9894D}"
EndProject
Global
	GlobalSection(SolutionConfigurationPlatforms) = preSolution
		Debug|Any CPU = Debug|Any CPU
		Release|Any CPU = Release|Any CPU
	EndGlobalSection
	GlobalSection(ProjectConfigurationPlatforms) = postSolution
		{9B977F8D-A031-440B-AD27-60EB19FD9E77}.Debug|Any CPU.ActiveCfg = Debug|Any CPU
		{9B977F8D-A031-440B-AD27-60EB19FD9E77}.Debug|Any CPU.Build.0 = Debug|Any CPU
		{9B977F8D-A031-440B-AD27-60EB19FD9E77}.Release|Any CPU.ActiveCfg = Release|Any CPU
		{9B977F8D-A031-440B-AD27-60EB19FD9E77}.Release|Any CPU.Build.0 = Release|Any CPU
		{77A5CF4E-22BC-4674-A870-0812AAF9894D}.Debug|Any CPU.ActiveCfg = Debug|Any CPU
		{77A5CF4E-22BC-4674-A870-0812AAF9894D}.Debug|Any CPU.Build.0 = Debug|Any CPU
		{77A5CF4E-22BC-4674-A870-0812AAF9894D}.Release|Any CPU.ActiveCfg = Release|Any CPU
		{77A5CF4E-22BC-4674-A870-0812AAF9894D}.Release|Any CPU.Build.0 = Release|Any CPU
	EndGlobalSection
	GlobalSection(SolutionProperties) = preSolution
		HideSolutionNode = FALSE
	EndGlobalSection
EndGlobal
